
Microsoft Visual Studio Solution File, Format Version 12.00
# Visual Studio Version 16
VisualStudioVersion = 16.0.30804.86
MinimumVisualStudioVersion = 10.0.40219.1
Project("{FAE04EC0-301F-11D3-BF4B-00C04F79EFBC}") = "CarRental.Business.Entities", "CarRental.Business.Entities\CarRental.Business.Entities.csproj", "{8C08456C-6506-4630-844B-9230A7B630A4}"
EndProject
Project("{2150E333-8FDC-42A3-9474-1A3956D46DE8}") = "Business", "Business", "{22306342-D7E1-48C1-8DA2-3A4C08693070}"
EndProject
Project("{2150E333-8FDC-42A3-9474-1A3956D46DE8}") = "Client", "Client", "{3E3F4DE1-8470-4344-A956-3641E11EB1EF}"
EndProject
Project("{FAE04EC0-301F-11D3-BF4B-00C04F79EFBC}") = "CarRental.Client.Entities", "CarRental.Client.Entities\CarRental.Client.Entities.csproj", "{1E201E0E-E913-4FBF-9C78-5A8EC57F176B}"
EndProject
Project("{2150E333-8FDC-42A3-9474-1A3956D46DE8}") = "Core", "Core", "{495C867F-D3AB-483A-9D7F-D99BFCCBD153}"
EndProject
Project("{2150E333-8FDC-42A3-9474-1A3956D46DE8}") = "Tests", "Tests", "{FAC3586D-B623-4C3D-815B-4E8EBC8AF0FC}"
EndProject
Global
	GlobalSection(SolutionConfigurationPlatforms) = preSolution
		Debug|Any CPU = Debug|Any CPU
		Release|Any CPU = Release|Any CPU
	EndGlobalSection
	GlobalSection(ProjectConfigurationPlatforms) = postSolution
		{8C08456C-6506-4630-844B-9230A7B630A4}.Debug|Any CPU.ActiveCfg = Debug|Any CPU
		{8C08456C-6506-4630-844B-9230A7B630A4}.Debug|Any CPU.Build.0 = Debug|Any CPU
		{8C08456C-6506-4630-844B-9230A7B630A4}.Release|Any CPU.ActiveCfg = Release|Any CPU
		{8C08456C-6506-4630-844B-9230A7B630A4}.Release|Any CPU.Build.0 = Release|Any CPU
		{1E201E0E-E913-4FBF-9C78-5A8EC57F176B}.Debug|Any CPU.ActiveCfg = Debug|Any CPU
		{1E201E0E-E913-4FBF-9C78-5A8EC57F176B}.Debug|Any CPU.Build.0 = Debug|Any CPU
		{1E201E0E-E913-4FBF-9C78-5A8EC57F176B}.Release|Any CPU.ActiveCfg = Release|Any CPU
		{1E201E0E-E913-4FBF-9C78-5A8EC57F176B}.Release|Any CPU.Build.0 = Release|Any CPU
	EndGlobalSection
	GlobalSection(SolutionProperties) = preSolution
		HideSolutionNode = FALSE
	EndGlobalSection
	GlobalSection(NestedProjects) = preSolution
		{8C08456C-6506-4630-844B-9230A7B630A4} = {22306342-D7E1-48C1-8DA2-3A4C08693070}
		{1E201E0E-E913-4FBF-9C78-5A8EC57F176B} = {3E3F4DE1-8470-4344-A956-3641E11EB1EF}
	EndGlobalSection
	GlobalSection(ExtensibilityGlobals) = postSolution
		SolutionGuid = {F6697B36-15A1-45FD-B5FB-27BE8E029595}
	EndGlobalSection
EndGlobal
